
Microsoft Visual Studio Solution File, Format Version 12.00
# Visual Studio 2012
Project("{FAE04EC0-301F-11D3-BF4B-00C04F79EFBC}") = "ToDoList", "ToDoList\ToDoList.csproj", "{24BE77F2-DD4D-406B-8E10-A29F53EFFC17}"
EndProject
Global
	GlobalSection(SolutionConfigurationPlatforms) = preSolution
		Debug|Any CPU = Debug|Any CPU
		Release|Any CPU = Release|Any CPU
	EndGlobalSection
	GlobalSection(ProjectConfigurationPlatforms) = postSolution
		{24BE77F2-DD4D-406B-8E10-A29F53EFFC17}.Debug|Any CPU.ActiveCfg = Debug|Any CPU
		{24BE77F2-DD4D-406B-8E10-A29F53EFFC17}.Debug|Any CPU.Build.0 = Debug|Any CPU
		{24BE77F2-DD4D-406B-8E10-A29F53EFFC17}.Release|Any CPU.ActiveCfg = Release|Any CPU
		{24BE77F2-DD4D-406B-8E10-A29F53EFFC17}.Release|Any CPU.Build.0 = Release|Any CPU
	EndGlobalSection
EndGlobal
